
Microsoft Visual Studio Solution File, Format Version 12.00
# Visual Studio Version 16
VisualStudioVersion = 16.6.30114.105
MinimumVisualStudioVersion = 10.0.40219.1
Project("{FAE04EC0-301F-11D3-BF4B-00C04F79EFBC}") = "API", "API\API.csproj", "{3ED0E21C-AE5D-4048-84DE-6894FDEC475D}"
EndProject
Project("{FAE04EC0-301F-11D3-BF4B-00C04F79EFBC}") = "Core", "Core\Core.csproj", "{08709D8C-59E2-402C-BA99-FE55E6FA625E}"
EndProject
Project("{FAE04EC0-301F-11D3-BF4B-00C04F79EFBC}") = "Infrastructure", "Infrastructure\Infrastructure.csproj", "{C9C47184-368A-4349-962C-D1BC253C82EF}"
EndProject
Global
	GlobalSection(SolutionConfigurationPlatforms) = preSolution
		Debug|Any CPU = Debug|Any CPU
		Debug|x64 = Debug|x64
		Debug|x86 = Debug|x86
		Release|Any CPU = Release|Any CPU
		Release|x64 = Release|x64
		Release|x86 = Release|x86
	EndGlobalSection
	GlobalSection(SolutionProperties) = preSolution
		HideSolutionNode = FALSE
	EndGlobalSection
	GlobalSection(ProjectConfigurationPlatforms) = postSolution
		{3ED0E21C-AE5D-4048-84DE-6894FDEC475D}.Debug|Any CPU.ActiveCfg = Debug|Any CPU
		{3ED0E21C-AE5D-4048-84DE-6894FDEC475D}.Debug|Any CPU.Build.0 = Debug|Any CPU
		{3ED0E21C-AE5D-4048-84DE-6894FDEC475D}.Debug|x64.ActiveCfg = Debug|Any CPU
		{3ED0E21C-AE5D-4048-84DE-6894FDEC475D}.Debug|x64.Build.0 = Debug|Any CPU
		{3ED0E21C-AE5D-4048-84DE-6894FDEC475D}.Debug|x86.ActiveCfg = Debug|Any CPU
		{3ED0E21C-AE5D-4048-84DE-6894FDEC475D}.Debug|x86.Build.0 = Debug|Any CPU
		{3ED0E21C-AE5D-4048-84DE-6894FDEC475D}.Release|Any CPU.ActiveCfg = Release|Any CPU
		{3ED0E21C-AE5D-4048-84DE-6894FDEC475D}.Release|Any CPU.Build.0 = Release|Any CPU
		{3ED0E21C-AE5D-4048-84DE-6894FDEC475D}.Release|x64.ActiveCfg = Release|Any CPU
		{3ED0E21C-AE5D-4048-84DE-6894FDEC475D}.Release|x64.Build.0 = Release|Any CPU
		{3ED0E21C-AE5D-4048-84DE-6894FDEC475D}.Release|x86.ActiveCfg = Release|Any CPU
		{3ED0E21C-AE5D-4048-84DE-6894FDEC475D}.Release|x86.Build.0 = Release|Any CPU
		{08709D8C-59E2-402C-BA99-FE55E6FA625E}.Debug|Any CPU.ActiveCfg = Debug|Any CPU
		{08709D8C-59E2-402C-BA99-FE55E6FA625E}.Debug|Any CPU.Build.0 = Debug|Any CPU
		{08709D8C-59E2-402C-BA99-FE55E6FA625E}.Debug|x64.ActiveCfg = Debug|Any CPU
		{08709D8C-59E2-402C-BA99-FE55E6FA625E}.Debug|x64.Build.0 = Debug|Any CPU
		{08709D8C-59E2-402C-BA99-FE55E6FA625E}.Debug|x86.ActiveCfg = Debug|Any CPU
		{08709D8C-59E2-402C-BA99-FE55E6FA625E}.Debug|x86.Build.0 = Debug|Any CPU
		{08709D8C-59E2-402C-BA99-FE55E6FA625E}.Release|Any CPU.ActiveCfg = Release|Any CPU
		{08709D8C-59E2-402C-BA99-FE55E6FA625E}.Release|Any CPU.Build.0 = Release|Any CPU
		{08709D8C-59E2-402C-BA99-FE55E6FA625E}.Release|x64.ActiveCfg = Release|Any CPU
		{08709D8C-59E2-402C-BA99-FE55E6FA625E}.Release|x64.Build.0 = Release|Any CPU
		{08709D8C-59E2-402C-BA99-FE55E6FA625E}.Release|x86.ActiveCfg = Release|Any CPU
		{08709D8C-59E2-402C-BA99-FE55E6FA625E}.Release|x86.Build.0 = Release|Any CPU
		{C9C47184-368A-4349-962C-D1BC253C82EF}.Debug|Any CPU.ActiveCfg = Debug|Any CPU
		{C9C47184-368A-4349-962C-D1BC253C82EF}.Debug|Any CPU.Build.0 = Debug|Any CPU
		{C9C47184-368A-4349-962C-D1BC253C82EF}.Debug|x64.ActiveCfg = Debug|Any CPU
		{C9C47184-368A-4349-962C-D1BC253C82EF}.Debug|x64.Build.0 = Debug|Any CPU
		{C9C47184-368A-4349-962C-D1BC253C82EF}.Debug|x86.ActiveCfg = Debug|Any CPU
		{C9C47184-368A-4349-962C-D1BC253C82EF}.Debug|x86.Build.0 = Debug|Any CPU
		{C9C47184-368A-4349-962C-D1BC253C82EF}.Release|Any CPU.ActiveCfg = Release|Any CPU
		{C9C47184-368A-4349-962C-D1BC253C82EF}.Release|Any CPU.Build.0 = Release|Any CPU
		{C9C47184-368A-4349-962C-D1BC253C82EF}.Release|x64.ActiveCfg = Release|Any CPU
		{C9C47184-368A-4349-962C-D1BC253C82EF}.Release|x64.Build.0 = Release|Any CPU
		{C9C47184-368A-4349-962C-D1BC253C82EF}.Release|x86.ActiveCfg = Release|Any CPU
		{C9C47184-368A-4349-962C-D1BC253C82EF}.Release|x86.Build.0 = Release|Any CPU
	EndGlobalSection
EndGlobal
